# This file was autogenerated by Stack.
# You should not edit this file by hand.
# For more information, please see the documentation at:
#   https://docs.haskellstack.org/en/stable/lock_files

packages:
- completed:
    hackage: persistent-2.11.0.1@sha256:c33f00adfed435bbf406d70aa6e5471974a4afcc1a8da3a5ef4e1af0ba5f9884,4702
    pantry-tree:
      size: 2099
      sha256: bbeb07522ccf835793ff86e0a8e66ccb1138d0c5055b6f1e706426edcd5dbefd
  original:
    hackage: persistent-2.11.0.1
- completed:
    hackage: yesod-auth-1.6.10.1@sha256:4cccae7b0ab4082740acd9e71be3a9fdeda3cd2ac0fcea9d09848bc32801358d,3072
    pantry-tree:
      size: 1013
      sha256: b93cf56acfa2f0cb5e822ecdc4c4dbf9976b3f4ca2921b99f34d806bec361785
  original:
    hackage: yesod-auth-1.6.10.1
- completed:
    hackage: yesod-persistent-1.6.0.5@sha256:0b92e44d31f7c5c386001ca39044ccf0367d0ef8fc4d8999b915742a21019d98,1762
    pantry-tree:
      size: 496
      sha256: 3e86a3edcaa43e1b86decf8e594db0c9b8d7bce0039a293636d7a1228237bf67
  original:
    hackage: yesod-persistent-1.6.0.5
- completed:
    hackage: persistent-template-2.9.1.0@sha256:384dd25da7adfbeeb749252c227c6691ad31177c0b814891a5f987a50788f522,2898
    pantry-tree:
      size: 776
      sha256: 644eb4bc1f47c53d0eaf9e5df75a650dc38df260e3600254886cab8dffeb854c
  original:
    hackage: persistent-template-2.9.1.0
snapshots:
- completed:
    size: 543569
    url: https://raw.githubusercontent.com/commercialhaskell/stackage-snapshots/master/nightly/2020/11/1.yaml
    sha256: 0a4d6f892c17fb09163a2245f0523b4a23a063048bc843fc07061a0f980ede01
  original: nightly-2020-11-01
